
Microsoft Visual Studio Solution File, Format Version 12.00
# Visual Studio Version 16
VisualStudioVersion = 16.0.30114.105
MinimumVisualStudioVersion = 10.0.40219.1
Project("{9A19103F-16F7-4668-BE54-9A1E7A4F7556}") = "API", "API\API.csproj", "{93C92593-4782-4550-A3C4-CAD010950174}"
EndProject
Project("{FAE04EC0-301F-11D3-BF4B-00C04F79EFBC}") = "Core", "Core\Core.csproj", "{9FDA91B6-034A-4C27-9248-27D67EE5B784}"
EndProject
Project("{FAE04EC0-301F-11D3-BF4B-00C04F79EFBC}") = "Infrastructure", "Infrastructure\Infrastructure.csproj", "{B036C73C-39A8-4208-AB5F-0FF9FCCE00AF}"
EndProject
Global
	GlobalSection(SolutionConfigurationPlatforms) = preSolution
		Debug|Any CPU = Debug|Any CPU
		Debug|x64 = Debug|x64
		Debug|x86 = Debug|x86
		Release|Any CPU = Release|Any CPU
		Release|x64 = Release|x64
		Release|x86 = Release|x86
	EndGlobalSection
	GlobalSection(ProjectConfigurationPlatforms) = postSolution
		{93C92593-4782-4550-A3C4-CAD010950174}.Debug|Any CPU.ActiveCfg = Debug|Any CPU
		{93C92593-4782-4550-A3C4-CAD010950174}.Debug|Any CPU.Build.0 = Debug|Any CPU
		{93C92593-4782-4550-A3C4-CAD010950174}.Debug|x64.ActiveCfg = Debug|Any CPU
		{93C92593-4782-4550-A3C4-CAD010950174}.Debug|x64.Build.0 = Debug|Any CPU
		{93C92593-4782-4550-A3C4-CAD010950174}.Debug|x86.ActiveCfg = Debug|Any CPU
		{93C92593-4782-4550-A3C4-CAD010950174}.Debug|x86.Build.0 = Debug|Any CPU
		{93C92593-4782-4550-A3C4-CAD010950174}.Release|Any CPU.ActiveCfg = Release|Any CPU
		{93C92593-4782-4550-A3C4-CAD010950174}.Release|Any CPU.Build.0 = Release|Any CPU
		{93C92593-4782-4550-A3C4-CAD010950174}.Release|x64.ActiveCfg = Release|Any CPU
		{93C92593-4782-4550-A3C4-CAD010950174}.Release|x64.Build.0 = Release|Any CPU
		{93C92593-4782-4550-A3C4-CAD010950174}.Release|x86.ActiveCfg = Release|Any CPU
		{93C92593-4782-4550-A3C4-CAD010950174}.Release|x86.Build.0 = Release|Any CPU
		{9FDA91B6-034A-4C27-9248-27D67EE5B784}.Debug|Any CPU.ActiveCfg = Debug|Any CPU
		{9FDA91B6-034A-4C27-9248-27D67EE5B784}.Debug|Any CPU.Build.0 = Debug|Any CPU
		{9FDA91B6-034A-4C27-9248-27D67EE5B784}.Debug|x64.ActiveCfg = Debug|Any CPU
		{9FDA91B6-034A-4C27-9248-27D67EE5B784}.Debug|x64.Build.0 = Debug|Any CPU
		{9FDA91B6-034A-4C27-9248-27D67EE5B784}.Debug|x86.ActiveCfg = Debug|Any CPU
		{9FDA91B6-034A-4C27-9248-27D67EE5B784}.Debug|x86.Build.0 = Debug|Any CPU
		{9FDA91B6-034A-4C27-9248-27D67EE5B784}.Release|Any CPU.ActiveCfg = Release|Any CPU
		{9FDA91B6-034A-4C27-9248-27D67EE5B784}.Release|Any CPU.Build.0 = Release|Any CPU
		{9FDA91B6-034A-4C27-9248-27D67EE5B784}.Release|x64.ActiveCfg = Release|Any CPU
		{9FDA91B6-034A-4C27-9248-27D67EE5B784}.Release|x64.Build.0 = Release|Any CPU
		{9FDA91B6-034A-4C27-9248-27D67EE5B784}.Release|x86.ActiveCfg = Release|Any CPU
		{9FDA91B6-034A-4C27-9248-27D67EE5B784}.Release|x86.Build.0 = Release|Any CPU
		{B036C73C-39A8-4208-AB5F-0FF9FCCE00AF}.Debug|Any CPU.ActiveCfg = Debug|Any CPU
		{B036C73C-39A8-4208-AB5F-0FF9FCCE00AF}.Debug|Any CPU.Build.0 = Debug|Any CPU
		{B036C73C-39A8-4208-AB5F-0FF9FCCE00AF}.Debug|x64.ActiveCfg = Debug|Any CPU
		{B036C73C-39A8-4208-AB5F-0FF9FCCE00AF}.Debug|x64.Build.0 = Debug|Any CPU
		{B036C73C-39A8-4208-AB5F-0FF9FCCE00AF}.Debug|x86.ActiveCfg = Debug|Any CPU
		{B036C73C-39A8-4208-AB5F-0FF9FCCE00AF}.Debug|x86.Build.0 = Debug|Any CPU
		{B036C73C-39A8-4208-AB5F-0FF9FCCE00AF}.Release|Any CPU.ActiveCfg = Release|Any CPU
		{B036C73C-39A8-4208-AB5F-0FF9FCCE00AF}.Release|Any CPU.Build.0 = Release|Any CPU
		{B036C73C-39A8-4208-AB5F-0FF9FCCE00AF}.Release|x64.ActiveCfg = Release|Any CPU
		{B036C73C-39A8-4208-AB5F-0FF9FCCE00AF}.Release|x64.Build.0 = Release|Any CPU
		{B036C73C-39A8-4208-AB5F-0FF9FCCE00AF}.Release|x86.ActiveCfg = Release|Any CPU
		{B036C73C-39A8-4208-AB5F-0FF9FCCE00AF}.Release|x86.Build.0 = Release|Any CPU
	EndGlobalSection
	GlobalSection(SolutionProperties) = preSolution
		HideSolutionNode = FALSE
	EndGlobalSection
	GlobalSection(ExtensibilityGlobals) = postSolution
		SolutionGuid = {A5C4EA11-C0C6-4FE2-A704-B35AA387B131}
	EndGlobalSection
EndGlobal
